
Microsoft Visual Studio Solution File, Format Version 12.00
# Visual Studio Version 17
VisualStudioVersion = 17.7.34202.233
MinimumVisualStudioVersion = 10.0.40219.1
Project("{FAE04EC0-301F-11D3-BF4B-00C04F79EFBC}") = "FileExplorer", "FileExplorer\FileExplorer.csproj", "{DAB86334-1F69-415D-858C-AF84044237F9}"
EndProject
Project("{FAE04EC0-301F-11D3-BF4B-00C04F79EFBC}") = "FileExplorer.Application", "FileExplorer.Application\FileExplorer.Application.csproj", "{3AFC6A7E-D231-48BC-A37A-32CCB48C763A}"
EndProject
Project("{FAE04EC0-301F-11D3-BF4B-00C04F79EFBC}") = "FileExplorer.Infrastructure", "FileExplorer.Infrastructure\FileExplorer.Infrastructure.csproj", "{6EBA71F5-65CE-440A-B0F0-7660433A563D}"
EndProject
Global
	GlobalSection(SolutionConfigurationPlatforms) = preSolution
		Debug|Any CPU = Debug|Any CPU
		Release|Any CPU = Release|Any CPU
	EndGlobalSection
	GlobalSection(ProjectConfigurationPlatforms) = postSolution
		{DAB86334-1F69-415D-858C-AF84044237F9}.Debug|Any CPU.ActiveCfg = Debug|Any CPU
		{DAB86334-1F69-415D-858C-AF84044237F9}.Debug|Any CPU.Build.0 = Debug|Any CPU
		{DAB86334-1F69-415D-858C-AF84044237F9}.Release|Any CPU.ActiveCfg = Release|Any CPU
		{DAB86334-1F69-415D-858C-AF84044237F9}.Release|Any CPU.Build.0 = Release|Any CPU
		{3AFC6A7E-D231-48BC-A37A-32CCB48C763A}.Debug|Any CPU.ActiveCfg = Debug|Any CPU
		{3AFC6A7E-D231-48BC-A37A-32CCB48C763A}.Debug|Any CPU.Build.0 = Debug|Any CPU
		{3AFC6A7E-D231-48BC-A37A-32CCB48C763A}.Release|Any CPU.ActiveCfg = Release|Any CPU
		{3AFC6A7E-D231-48BC-A37A-32CCB48C763A}.Release|Any CPU.Build.0 = Release|Any CPU
		{6EBA71F5-65CE-440A-B0F0-7660433A563D}.Debug|Any CPU.ActiveCfg = Debug|Any CPU
		{6EBA71F5-65CE-440A-B0F0-7660433A563D}.Debug|Any CPU.Build.0 = Debug|Any CPU
		{6EBA71F5-65CE-440A-B0F0-7660433A563D}.Release|Any CPU.ActiveCfg = Release|Any CPU
		{6EBA71F5-65CE-440A-B0F0-7660433A563D}.Release|Any CPU.Build.0 = Release|Any CPU
	EndGlobalSection
	GlobalSection(SolutionProperties) = preSolution
		HideSolutionNode = FALSE
	EndGlobalSection
	GlobalSection(ExtensibilityGlobals) = postSolution
		SolutionGuid = {E6B92691-6E7C-4676-9CDB-2AF5343198D5}
	EndGlobalSection
EndGlobal
